// !$*UTF8*$!
{
	archiveVersion = 1;
	classes = {
	};
	objectVersion = 50;
	objects = {

/* Begin PBXBuildFile section */
		3D927649252907A7000D8998 /* DogBreeds.swift in Sources */ = {isa = PBXBuildFile; fileRef = 3D927648252907A7000D8998 /* DogBreeds.swift */; };
		3DBC839B2527A19D006E3E25 /* DogShowApp.swift in Sources */ = {isa = PBXBuildFile; fileRef = 3DBC839A2527A19D006E3E25 /* DogShowApp.swift */; };
		3DBC839D2527A19D006E3E25 /* ContentView.swift in Sources */ = {isa = PBXBuildFile; fileRef = 3DBC839C2527A19D006E3E25 /* ContentView.swift */; };
		3DBC839F2527A19F006E3E25 /* Assets.xcassets in Resources */ = {isa = PBXBuildFile; fileRef = 3DBC839E2527A19F006E3E25 /* Assets.xcassets */; };
		3DBC83A22527A19F006E3E25 /* Preview Assets.xcassets in Resources */ = {isa = PBXBuildFile; fileRef = 3DBC83A12527A19F006E3E25 /* Preview Assets.xcassets */; };
		3DBC83AC2527A2CB006E3E25 /* NetworkManager.swift in Sources */ = {isa = PBXBuildFile; fileRef = 3DBC83AB2527A2CB006E3E25 /* NetworkManager.swift */; };
		3DBC83AF2527A3B4006E3E25 /* DogAPIResponse.swift in Sources */ = {isa = PBXBuildFile; fileRef = 3DBC83AE2527A3B4006E3E25 /* DogAPIResponse.swift */; };
		3DBC83B32527AE83006E3E25 /* ViewModel.swift in Sources */ = {isa = PBXBuildFile; fileRef = 3DBC83B22527AE83006E3E25 /* ViewModel.swift */; };
/* End PBXBuildFile section */

/* Begin PBXFileReference section */
		3D927648252907A7000D8998 /* DogBreeds.swift */ = {isa = PBXFileReference; lastKnownFileType = sourcecode.swift; path = DogBreeds.swift; sourceTree = "<group>"; };
		3DBC83972527A19D006E3E25 /* DogShow.app */ = {isa = PBXFileReference; explicitFileType = wrapper.application; includeInIndex = 0; path = DogShow.app; sourceTree = BUILT_PRODUCTS_DIR; };
		3DBC839A2527A19D006E3E25 /* DogShowApp.swift */ = {isa = PBXFileReference; lastKnownFileType = sourcecode.swift; path = DogShowApp.swift; sourceTree = "<group>"; };
		3DBC839C2527A19D006E3E25 /* ContentView.swift */ = {isa = PBXFileReference; lastKnownFileType = sourcecode.swift; path = ContentView.swift; sourceTree = "<group>"; };
		3DBC839E2527A19F006E3E25 /* Assets.xcassets */ = {isa = PBXFileReference; lastKnownFileType = folder.assetcatalog; path = Assets.xcassets; sourceTree = "<group>"; };
		3DBC83A12527A19F006E3E25 /* Preview Assets.xcassets */ = {isa = PBXFileReference; lastKnownFileType = folder.assetcatalog; path = "Preview Assets.xcassets"; sourceTree = "<group>"; };
		3DBC83A32527A19F006E3E25 /* Info.plist */ = {isa = PBXFileReference; lastKnownFileType = text.plist.xml; path = Info.plist; sourceTree = "<group>"; };
		3DBC83AB2527A2CB006E3E25 /* NetworkManager.swift */ = {isa = PBXFileReference; lastKnownFileType = sourcecode.swift; path = NetworkManager.swift; sourceTree = "<group>"; };
		3DBC83AE2527A3B4006E3E25 /* DogAPIResponse.swift */ = {isa = PBXFileReference; lastKnownFileType = sourcecode.swift; path = DogAPIResponse.swift; sourceTree = "<group>"; };
		3DBC83B22527AE83006E3E25 /* ViewModel.swift */ = {isa = PBXFileReference; lastKnownFileType = sourcecode.swift; path = ViewModel.swift; sourceTree = "<group>"; };
/* End PBXFileReference section */

/* Begin PBXFrameworksBuildPhase section */
		3DBC83942527A19D006E3E25 /* Frameworks */ = {
			isa = PBXFrameworksBuildPhase;
			buildActionMask = 2147483647;
			files = (
			);
			runOnlyForDeploymentPostprocessing = 0;
		};
/* End PBXFrameworksBuildPhase section */

/* Begin PBXGroup section */
		3D92764625290790000D8998 /* Views */ = {
			isa = PBXGroup;
			children = (
				3DBC839C2527A19D006E3E25 /* ContentView.swift */,
			);
			path = Views;
			sourceTree = "<group>";
		};
		3D92764725290797000D8998 /* Model */ = {
			isa = PBXGroup;
			children = (
				3DBC83AE2527A3B4006E3E25 /* DogAPIResponse.swift */,
				3DBC83B22527AE83006E3E25 /* ViewModel.swift */,
				3D927648252907A7000D8998 /* DogBreeds.swift */,
			);
			path = Model;
			sourceTree = "<group>";
		};
		3D92764B252907B0000D8998 /* Helpers */ = {
			isa = PBXGroup;
			children = (
				3DBC83AB2527A2CB006E3E25 /* NetworkManager.swift */,
			);
			path = Helpers;
			sourceTree = "<group>";
		};
		3DBC838E2527A19D006E3E25 = {
			isa = PBXGroup;
			children = (
				3DBC83992527A19D006E3E25 /* DogShow */,
				3DBC83982527A19D006E3E25 /* Products */,
			);
			sourceTree = "<group>";
		};
		3DBC83982527A19D006E3E25 /* Products */ = {
			isa = PBXGroup;
			children = (
				3DBC83972527A19D006E3E25 /* DogShow.app */,
			);
			name = Products;
			sourceTree = "<group>";
		};
		3DBC83992527A19D006E3E25 /* DogShow */ = {
			isa = PBXGroup;
			children = (
				3DBC839A2527A19D006E3E25 /* DogShowApp.swift */,
				3D92764625290790000D8998 /* Views */,
				3D92764725290797000D8998 /* Model */,
				3D92764B252907B0000D8998 /* Helpers */,
				3DBC839E2527A19F006E3E25 /* Assets.xcassets */,
				3DBC83A32527A19F006E3E25 /* Info.plist */,
				3DBC83A02527A19F006E3E25 /* Preview Content */,
			);
			path = DogShow;
			sourceTree = "<group>";
		};
		3DBC83A02527A19F006E3E25 /* Preview Content */ = {
			isa = PBXGroup;
			children = (
				3DBC83A12527A19F006E3E25 /* Preview Assets.xcassets */,
			);
			path = "Preview Content";
			sourceTree = "<group>";
		};
/* End PBXGroup section */

/* Begin PBXNativeTarget section */
		3DBC83962527A19D006E3E25 /* DogShow */ = {
			isa = PBXNativeTarget;
			buildConfigurationList = 3DBC83A62527A19F006E3E25 /* Build configuration list for PBXNativeTarget "DogShow" */;
			buildPhases = (
				3DBC83932527A19D006E3E25 /* Sources */,
				3DBC83942527A19D006E3E25 /* Frameworks */,
				3DBC83952527A19D006E3E25 /* Resources */,
			);
			buildRules = (
			);
			dependencies = (
			);
			name = DogShow;
			productName = DogShow;
			productReference = 3DBC83972527A19D006E3E25 /* DogShow.app */;
			productType = "com.apple.product-type.application";
		};
/* End PBXNativeTarget section */

/* Begin PBXProject section */
		3DBC838F2527A19D006E3E25 /* Project object */ = {
			isa = PBXProject;
			attributes = {
				LastSwiftUpdateCheck = 1200;
				LastUpgradeCheck = 1200;
				TargetAttributes = {
					3DBC83962527A19D006E3E25 = {
						CreatedOnToolsVersion = 12.0;
					};
				};
			};
			buildConfigurationList = 3DBC83922527A19D006E3E25 /* Build configuration list for PBXProject "DogShow" */;
			compatibilityVersion = "Xcode 9.3";
			developmentRegion = en;
			hasScannedForEncodings = 0;
			knownRegions = (
				en,
				Base,
			);
			mainGroup = 3DBC838E2527A19D006E3E25;
			productRefGroup = 3DBC83982527A19D006E3E25 /* Products */;
			projectDirPath = "";
			projectRoot = "";
			targets = (
				3DBC83962527A19D006E3E25 /* DogShow */,
			);
		};
/* End PBXProject section */

/* Begin PBXResourcesBuildPhase section */
		3DBC83952527A19D006E3E25 /* Resources */ = {
			isa = PBXResourcesBuildPhase;
			buildActionMask = 2147483647;
			files = (
				3DBC83A22527A19F006E3E25 /* Preview Assets.xcassets in Resources */,
				3DBC839F2527A19F006E3E25 /* Assets.xcassets in Resources */,
			);
			runOnlyForDeploymentPostprocessing = 0;
		};
/* End PBXResourcesBuildPhase section */

/* Begin PBXSourcesBuildPhase section */
		3DBC83932527A19D006E3E25 /* Sources */ = {
			isa = PBXSourcesBuildPhase;
			buildActionMask = 2147483647;
			files = (
				3DBC83B32527AE83006E3E25 /* ViewModel.swift in Sources */,
				3DBC83AC2527A2CB006E3E25 /* NetworkManager.swift in Sources */,
				3DBC839D2527A19D006E3E25 /* ContentView.swift in Sources */,
				3DBC83AF2527A3B4006E3E25 /* DogAPIResponse.swift in Sources */,
				3DBC839B2527A19D006E3E25 /* DogShowApp.swift in Sources */,
				3D927649252907A7000D8998 /* DogBreeds.swift in Sources */,
			);
			runOnlyForDeploymentPostprocessing = 0;
		};
/* End PBXSourcesBuildPhase section */

/* Begin XCBuildConfiguration section */
		3DBC83A42527A19F006E3E25 /* Debug */ = {
			isa = XCBuildConfiguration;
			buildSettings = {
				ALWAYS_SEARCH_USER_PATHS = NO;
				CLANG_ANALYZER_NONNULL = YES;
				CLANG_ANALYZER_NUMBER_OBJECT_CONVERSION = YES_AGGRESSIVE;
				CLANG_CXX_LANGUAGE_STANDARD = "gnu++14";
				CLANG_CXX_LIBRARY = "libc++";
				CLANG_ENABLE_MODULES = YES;
				CLANG_ENABLE_OBJC_ARC = YES;
				CLANG_ENABLE_OBJC_WEAK = YES;
				CLANG_WARN_BLOCK_CAPTURE_AUTORELEASING = YES;
				CLANG_WARN_BOOL_CONVERSION = YES;
				CLANG_WARN_COMMA = YES;
				CLANG_WARN_CONSTANT_CONVERSION = YES;
				CLANG_WARN_DEPRECATED_OBJC_IMPLEMENTATIONS = YES;
				CLANG_WARN_DIRECT_OBJC_ISA_USAGE = YES_ERROR;
				CLANG_WARN_DOCUMENTATION_COMMENTS = YES;
				CLANG_WARN_EMPTY_BODY = YES;
				CLANG_WARN_ENUM_CONVERSION = YES;
				CLANG_WARN_INFINITE_RECURSION = YES;
				CLANG_WARN_INT_CONVERSION = YES;
				CLANG_WARN_NON_LITERAL_NULL_CONVERSION = YES;
				CLANG_WARN_OBJC_IMPLICIT_RETAIN_SELF = YES;
				CLANG_WARN_OBJC_LITERAL_CONVERSION = YES;
				CLANG_WARN_OBJC_ROOT_CLASS = YES_ERROR;
				CLANG_WARN_QUOTED_INCLUDE_IN_FRAMEWORK_HEADER = YES;
				CLANG_WARN_RANGE_LOOP_ANALYSIS = YES;
				CLANG_WARN_STRICT_PROTOTYPES = YES;
				CLANG_WARN_SUSPICIOUS_MOVE = YES;
				CLANG_WARN_UNGUARDED_AVAILABILITY = YES_AGGRESSIVE;
				CLANG_WARN_UNREACHABLE_CODE = YES;
				CLANG_WARN__DUPLICATE_METHOD_MATCH = YES;
				COPY_PHASE_STRIP = NO;
				DEBUG_INFORMATION_FORMAT = dwarf;
				ENABLE_STRICT_OBJC_MSGSEND = YES;
				ENABLE_TESTABILITY = YES;
				GCC_C_LANGUAGE_STANDARD = gnu11;
				GCC_DYNAMIC_NO_PIC = NO;
				GCC_NO_COMMON_BLOCKS = YES;
				GCC_OPTIMIZATION_LEVEL = 0;
				GCC_PREPROCESSOR_DEFINITIONS = (
					"DEBUG=1",
					"$(inherited)",
				);
				GCC_WARN_64_TO_32_BIT_CONVERSION = YES;
				GCC_WARN_ABOUT_RETURN_TYPE = YES_ERROR;
				GCC_WARN_UNDECLARED_SELECTOR = YES;
				GCC_WARN_UNINITIALIZED_AUTOS = YES_AGGRESSIVE;
				GCC_WARN_UNUSED_FUNCTION = YES;
				GCC_WARN_UNUSED_VARIABLE = YES;
				IPHONEOS_DEPLOYMENT_TARGET = 14.0;
				MTL_ENABLE_DEBUG_INFO = INCLUDE_SOURCE;
				MTL_FAST_MATH = YES;
				ONLY_ACTIVE_ARCH = YES;
				SDKROOT = iphoneos;
				SWIFT_ACTIVE_COMPILATION_CONDITIONS = DEBUG;
				SWIFT_OPTIMIZATION_LEVEL = "-Onone";
			};
			name = Debug;
		};
		3DBC83A52527A19F006E3E25 /* Release */ = {
			isa = XCBuildConfiguration;
			buildSettings = {
				ALWAYS_SEARCH_USER_PATHS = NO;
				CLANG_ANALYZER_NONNULL = YES;
				CLANG_ANALYZER_NUMBER_OBJECT_CONVERSION = YES_AGGRESSIVE;
				CLANG_CXX_LANGUAGE_STANDARD = "gnu++14";
				CLANG_CXX_LIBRARY = "libc++";
				CLANG_ENABLE_MODULES = YES;
				CLANG_ENABLE_OBJC_ARC = YES;
				CLANG_ENABLE_OBJC_WEAK = YES;
				CLANG_WARN_BLOCK_CAPTURE_AUTORELEASING = YES;
				CLANG_WARN_BOOL_CONVERSION = YES;
				CLANG_WARN_COMMA = YES;
				CLANG_WARN_CONSTANT_CONVERSION = YES;
				CLANG_WARN_DEPRECATED_OBJC_IMPLEMENTATIONS = YES;
				CLANG_WARN_DIRECT_OBJC_ISA_USAGE = YES_ERROR;
				CLANG_WARN_DOCUMENTATION_COMMENTS = YES;
				CLANG_WARN_EMPTY_BODY = YES;
				CLANG_WARN_ENUM_CONVERSION = YES;
				CLANG_WARN_INFINITE_RECURSION = YES;
				CLANG_WARN_INT_CONVERSION = YES;
				CLANG_WARN_NON_LITERAL_NULL_CONVERSION = YES;
				CLANG_WARN_OBJC_IMPLICIT_RETAIN_SELF = YES;
				CLANG_WARN_OBJC_LITERAL_CONVERSION = YES;
				CLANG_WARN_OBJC_ROOT_CLASS = YES_ERROR;
				CLANG_WARN_QUOTED_INCLUDE_IN_FRAMEWORK_HEADER = YES;
				CLANG_WARN_RANGE_LOOP_ANALYSIS = YES;
				CLANG_WARN_STRICT_PROTOTYPES = YES;
				CLANG_WARN_SUSPICIOUS_MOVE = YES;
				CLANG_WARN_UNGUARDED_AVAILABILITY = YES_AGGRESSIVE;
				CLANG_WARN_UNREACHABLE_CODE = YES;
				CLANG_WARN__DUPLICATE_METHOD_MATCH = YES;
				COPY_PHASE_STRIP = NO;
				DEBUG_INFORMATION_FORMAT = "dwarf-with-dsym";
				ENABLE_NS_ASSERTIONS = NO;
				ENABLE_STRICT_OBJC_MSGSEND = YES;
				GCC_C_LANGUAGE_STANDARD = gnu11;
				GCC_NO_COMMON_BLOCKS = YES;
				GCC_WARN_64_TO_32_BIT_CONVERSION = YES;
				GCC_WARN_ABOUT_RETURN_TYPE = YES_ERROR;
				GCC_WARN_UNDECLARED_SELECTOR = YES;
				GCC_WARN_UNINITIALIZED_AUTOS = YES_AGGRESSIVE;
				GCC_WARN_UNUSED_FUNCTION = YES;
				GCC_WARN_UNUSED_VARIABLE = YES;
				IPHONEOS_DEPLOYMENT_TARGET = 14.0;
				MTL_ENABLE_DEBUG_INFO = NO;
				MTL_FAST_MATH = YES;
				SDKROOT = iphoneos;
				SWIFT_COMPILATION_MODE = wholemodule;
				SWIFT_OPTIMIZATION_LEVEL = "-O";
				VALIDATE_PRODUCT = YES;
			};
			name = Release;
		};
		3DBC83A72527A19F006E3E25 /* Debug */ = {
			isa = XCBuildConfiguration;
			buildSettings = {
				ASSETCATALOG_COMPILER_APPICON_NAME = AppIcon;
				ASSETCATALOG_COMPILER_GLOBAL_ACCENT_COLOR_NAME = AccentColor;
				CODE_SIGN_STYLE = Automatic;
				DEVELOPMENT_ASSET_PATHS = "\"DogShow/Preview Content\"";
				DEVELOPMENT_TEAM = 9RHBZ7GZXD;
				ENABLE_PREVIEWS = YES;
				INFOPLIST_FILE = DogShow/Info.plist;
				IPHONEOS_DEPLOYMENT_TARGET = 14.0;
				LD_RUNPATH_SEARCH_PATHS = (
					"$(inherited)",
					"@executable_path/Frameworks",
				);
				PRODUCT_BUNDLE_IDENTIFIER = com.aidanpendlebury.DogShow;
				PRODUCT_NAME = "$(TARGET_NAME)";
				SWIFT_VERSION = 5.0;
				TARGETED_DEVICE_FAMILY = "1,2";
			};
			name = Debug;
		};
		3DBC83A82527A19F006E3E25 /* Release */ = {
			isa = XCBuildConfiguration;
			buildSettings = {
				ASSETCATALOG_COMPILER_APPICON_NAME = AppIcon;
				ASSETCATALOG_COMPILER_GLOBAL_ACCENT_COLOR_NAME = AccentColor;
				CODE_SIGN_STYLE = Automatic;
				DEVELOPMENT_ASSET_PATHS = "\"DogShow/Preview Content\"";
				DEVELOPMENT_TEAM = 9RHBZ7GZXD;
				ENABLE_PREVIEWS = YES;
				INFOPLIST_FILE = DogShow/Info.plist;
				IPHONEOS_DEPLOYMENT_TARGET = 14.0;
				LD_RUNPATH_SEARCH_PATHS = (
					"$(inherited)",
					"@executable_path/Frameworks",
				);
				PRODUCT_BUNDLE_IDENTIFIER = com.aidanpendlebury.DogShow;
				PRODUCT_NAME = "$(TARGET_NAME)";
				SWIFT_VERSION = 5.0;
				TARGETED_DEVICE_FAMILY = "1,2";
			};
			name = Release;
		};
/* End XCBuildConfiguration section */

/* Begin XCConfigurationList section */
		3DBC83922527A19D006E3E25 /* Build configuration list for PBXProject "DogShow" */ = {
			isa = XCConfigurationList;
			buildConfigurations = (
				3DBC83A42527A19F006E3E25 /* Debug */,
				3DBC83A52527A19F006E3E25 /* Release */,
			);
			defaultConfigurationIsVisible = 0;
			defaultConfigurationName = Release;
		};
		3DBC83A62527A19F006E3E25 /* Build configuration list for PBXNativeTarget "DogShow" */ = {
			isa = XCConfigurationList;
			buildConfigurations = (
				3DBC83A72527A19F006E3E25 /* Debug */,
				3DBC83A82527A19F006E3E25 /* Release */,
			);
			defaultConfigurationIsVisible = 0;
			defaultConfigurationName = Release;
		};
/* End XCConfigurationList section */
	};
	rootObject = 3DBC838F2527A19D006E3E25 /* Project object */;
}
